// !$*UTF8*$!
{
	archiveVersion = 1;
	classes = {
	};
	objectVersion = 46;
	objects = {

/* Begin PBXBuildFile section */
		942AAEEE15BBB3760006C241 /* Cocoa.framework in Frameworks */ = {isa = PBXBuildFile; fileRef = 942AAEED15BBB3760006C241 /* Cocoa.framework */; };
		942AAEFD15BBB3E60006C241 /* SKContext.m in Sources */ = {isa = PBXBuildFile; fileRef = 94A6BAA015BB30D0003F22B6 /* SKContext.m */; };
		942AAEFE15BBB3E90006C241 /* SKDescription.m in Sources */ = {isa = PBXBuildFile; fileRef = 94A6BAA215BB30D0003F22B6 /* SKDescription.m */; };
		942AAEFF15BBB3EB0006C241 /* SKExample.m in Sources */ = {isa = PBXBuildFile; fileRef = 94A6BAA415BB30D0003F22B6 /* SKExample.m */; };
		942AAF0015BBB3EE0006C241 /* SKExpectation.m in Sources */ = {isa = PBXBuildFile; fileRef = 94A6BAA615BB30D0003F22B6 /* SKExpectation.m */; };
		942AAF0115BBB3F00006C241 /* SKObjectExpectation.m in Sources */ = {isa = PBXBuildFile; fileRef = 94A6BAA815BB30D0003F22B6 /* SKObjectExpectation.m */; };
		942AAF0215BBB3F30006C241 /* SKIntExpectation.m in Sources */ = {isa = PBXBuildFile; fileRef = 94A6BAAA15BB30D0003F22B6 /* SKIntExpectation.m */; };
		942AAF0315BBB3F50006C241 /* SKFloatExpectation.m in Sources */ = {isa = PBXBuildFile; fileRef = 94A6BAAC15BB30D0003F22B6 /* SKFloatExpectation.m */; };
		942AAF0415BBB3F80006C241 /* SKStringExpectation.m in Sources */ = {isa = PBXBuildFile; fileRef = 94A6BAAE15BB30D0003F22B6 /* SKStringExpectation.m */; };
		94A6BA5E15BB2DE7003F22B6 /* Foundation.framework in Frameworks */ = {isa = PBXBuildFile; fileRef = 94A6BA5D15BB2DE7003F22B6 /* Foundation.framework */; };
		94A6BA7515BB3093003F22B6 /* SenTestingKit.framework in Frameworks */ = {isa = PBXBuildFile; fileRef = 94A6BA7415BB3093003F22B6 /* SenTestingKit.framework */; };
		94A6BA7715BB3093003F22B6 /* UIKit.framework in Frameworks */ = {isa = PBXBuildFile; fileRef = 94A6BA7615BB3093003F22B6 /* UIKit.framework */; };
		94A6BA7815BB3093003F22B6 /* Foundation.framework in Frameworks */ = {isa = PBXBuildFile; fileRef = 94A6BA5D15BB2DE7003F22B6 /* Foundation.framework */; };
		94A6BA7E15BB3093003F22B6 /* InfoPlist.strings in Resources */ = {isa = PBXBuildFile; fileRef = 94A6BA7C15BB3093003F22B6 /* InfoPlist.strings */; };
		94A6BA9215BB30AF003F22B6 /* SenTestCase+ReportingHelper.m in Sources */ = {isa = PBXBuildFile; fileRef = 94A6BA8715BB30AF003F22B6 /* SenTestCase+ReportingHelper.m */; };
		94A6BA9315BB30AF003F22B6 /* SKFakeFailureReporter.m in Sources */ = {isa = PBXBuildFile; fileRef = 94A6BA8915BB30AF003F22B6 /* SKFakeFailureReporter.m */; };
		94A6BA9415BB30AF003F22B6 /* TestRunningSuite.m in Sources */ = {isa = PBXBuildFile; fileRef = 94A6BA8A15BB30AF003F22B6 /* TestRunningSuite.m */; };
		94A6BA9515BB30AF003F22B6 /* TestGatheringExamples.m in Sources */ = {isa = PBXBuildFile; fileRef = 94A6BA8B15BB30AF003F22B6 /* TestGatheringExamples.m */; };
		94A6BA9615BB30AF003F22B6 /* TestRunningExamples.m in Sources */ = {isa = PBXBuildFile; fileRef = 94A6BA8C15BB30AF003F22B6 /* TestRunningExamples.m */; };
		94A6BA9715BB30AF003F22B6 /* TestReportingErrors.m in Sources */ = {isa = PBXBuildFile; fileRef = 94A6BA8D15BB30AF003F22B6 /* TestReportingErrors.m */; };
		94A6BA9815BB30AF003F22B6 /* TestObjectExpectation.m in Sources */ = {isa = PBXBuildFile; fileRef = 94A6BA8E15BB30AF003F22B6 /* TestObjectExpectation.m */; };
		94A6BA9915BB30AF003F22B6 /* TestIntExpectation.m in Sources */ = {isa = PBXBuildFile; fileRef = 94A6BA8F15BB30AF003F22B6 /* TestIntExpectation.m */; };
		94A6BA9A15BB30AF003F22B6 /* TestFloatExpectation.m in Sources */ = {isa = PBXBuildFile; fileRef = 94A6BA9015BB30AF003F22B6 /* TestFloatExpectation.m */; };
		94A6BA9B15BB30AF003F22B6 /* TestStringExpectation.m in Sources */ = {isa = PBXBuildFile; fileRef = 94A6BA9115BB30AF003F22B6 /* TestStringExpectation.m */; };
		94A6BAB015BB30D0003F22B6 /* SpecKit.h in Headers */ = {isa = PBXBuildFile; fileRef = 94A6BA9C15BB30D0003F22B6 /* SpecKit.h */; };
		94A6BAB115BB30D0003F22B6 /* SKRunBeforeAll.h in Headers */ = {isa = PBXBuildFile; fileRef = 94A6BA9D15BB30D0003F22B6 /* SKRunBeforeAll.h */; };
		94A6BAB215BB30D0003F22B6 /* SKFailureReporter.h in Headers */ = {isa = PBXBuildFile; fileRef = 94A6BA9E15BB30D0003F22B6 /* SKFailureReporter.h */; };
		94A6BAB315BB30D0003F22B6 /* SKContext.h in Headers */ = {isa = PBXBuildFile; fileRef = 94A6BA9F15BB30D0003F22B6 /* SKContext.h */; };
		94A6BAB415BB30D0003F22B6 /* SKContext.m in Sources */ = {isa = PBXBuildFile; fileRef = 94A6BAA015BB30D0003F22B6 /* SKContext.m */; };
		94A6BAB515BB30D0003F22B6 /* SKContext.m in Sources */ = {isa = PBXBuildFile; fileRef = 94A6BAA015BB30D0003F22B6 /* SKContext.m */; };
		94A6BAB615BB30D0003F22B6 /* SKDescription.h in Headers */ = {isa = PBXBuildFile; fileRef = 94A6BAA115BB30D0003F22B6 /* SKDescription.h */; };
		94A6BAB715BB30D0003F22B6 /* SKDescription.m in Sources */ = {isa = PBXBuildFile; fileRef = 94A6BAA215BB30D0003F22B6 /* SKDescription.m */; };
		94A6BAB815BB30D0003F22B6 /* SKDescription.m in Sources */ = {isa = PBXBuildFile; fileRef = 94A6BAA215BB30D0003F22B6 /* SKDescription.m */; };
		94A6BAB915BB30D0003F22B6 /* SKExample.h in Headers */ = {isa = PBXBuildFile; fileRef = 94A6BAA315BB30D0003F22B6 /* SKExample.h */; };
		94A6BABA15BB30D0003F22B6 /* SKExample.m in Sources */ = {isa = PBXBuildFile; fileRef = 94A6BAA415BB30D0003F22B6 /* SKExample.m */; };
		94A6BABB15BB30D0003F22B6 /* SKExample.m in Sources */ = {isa = PBXBuildFile; fileRef = 94A6BAA415BB30D0003F22B6 /* SKExample.m */; };
		94A6BABC15BB30D0003F22B6 /* SKExpectation.h in Headers */ = {isa = PBXBuildFile; fileRef = 94A6BAA515BB30D0003F22B6 /* SKExpectation.h */; };
		94A6BABD15BB30D0003F22B6 /* SKExpectation.m in Sources */ = {isa = PBXBuildFile; fileRef = 94A6BAA615BB30D0003F22B6 /* SKExpectation.m */; };
		94A6BABE15BB30D0003F22B6 /* SKExpectation.m in Sources */ = {isa = PBXBuildFile; fileRef = 94A6BAA615BB30D0003F22B6 /* SKExpectation.m */; };
		94A6BABF15BB30D0003F22B6 /* SKObjectExpectation.h in Headers */ = {isa = PBXBuildFile; fileRef = 94A6BAA715BB30D0003F22B6 /* SKObjectExpectation.h */; };
		94A6BAC015BB30D0003F22B6 /* SKObjectExpectation.m in Sources */ = {isa = PBXBuildFile; fileRef = 94A6BAA815BB30D0003F22B6 /* SKObjectExpectation.m */; };
		94A6BAC115BB30D0003F22B6 /* SKObjectExpectation.m in Sources */ = {isa = PBXBuildFile; fileRef = 94A6BAA815BB30D0003F22B6 /* SKObjectExpectation.m */; };
		94A6BAC215BB30D0003F22B6 /* SKIntExpectation.h in Headers */ = {isa = PBXBuildFile; fileRef = 94A6BAA915BB30D0003F22B6 /* SKIntExpectation.h */; };
		94A6BAC315BB30D0003F22B6 /* SKIntExpectation.m in Sources */ = {isa = PBXBuildFile; fileRef = 94A6BAAA15BB30D0003F22B6 /* SKIntExpectation.m */; };
		94A6BAC415BB30D0003F22B6 /* SKIntExpectation.m in Sources */ = {isa = PBXBuildFile; fileRef = 94A6BAAA15BB30D0003F22B6 /* SKIntExpectation.m */; };
		94A6BAC515BB30D0003F22B6 /* SKFloatExpectation.h in Headers */ = {isa = PBXBuildFile; fileRef = 94A6BAAB15BB30D0003F22B6 /* SKFloatExpectation.h */; };
		94A6BAC615BB30D0003F22B6 /* SKFloatExpectation.m in Sources */ = {isa = PBXBuildFile; fileRef = 94A6BAAC15BB30D0003F22B6 /* SKFloatExpectation.m */; };
		94A6BAC715BB30D0003F22B6 /* SKFloatExpectation.m in Sources */ = {isa = PBXBuildFile; fileRef = 94A6BAAC15BB30D0003F22B6 /* SKFloatExpectation.m */; };
		94A6BAC815BB30D0003F22B6 /* SKStringExpectation.h in Headers */ = {isa = PBXBuildFile; fileRef = 94A6BAAD15BB30D0003F22B6 /* SKStringExpectation.h */; };
		94A6BAC915BB30D0003F22B6 /* SKStringExpectation.m in Sources */ = {isa = PBXBuildFile; fileRef = 94A6BAAE15BB30D0003F22B6 /* SKStringExpectation.m */; };
		94A6BACA15BB30D0003F22B6 /* SKStringExpectation.m in Sources */ = {isa = PBXBuildFile; fileRef = 94A6BAAE15BB30D0003F22B6 /* SKStringExpectation.m */; };
/* End PBXBuildFile section */

/* Begin PBXFileReference section */
		942AAEEC15BBB3760006C241 /* libSpecKitMac.a */ = {isa = PBXFileReference; explicitFileType = archive.ar; includeInIndex = 0; path = libSpecKitMac.a; sourceTree = BUILT_PRODUCTS_DIR; };
		942AAEED15BBB3760006C241 /* Cocoa.framework */ = {isa = PBXFileReference; lastKnownFileType = wrapper.framework; name = Cocoa.framework; path = Library/Frameworks/Cocoa.framework; sourceTree = DEVELOPER_DIR; };
		942AAEF015BBB3760006C241 /* AppKit.framework */ = {isa = PBXFileReference; lastKnownFileType = wrapper.framework; name = AppKit.framework; path = Library/Frameworks/AppKit.framework; sourceTree = SDKROOT; };
		942AAEF115BBB3760006C241 /* CoreData.framework */ = {isa = PBXFileReference; lastKnownFileType = wrapper.framework; name = CoreData.framework; path = Library/Frameworks/CoreData.framework; sourceTree = SDKROOT; };
		942AAEF215BBB3760006C241 /* Foundation.framework */ = {isa = PBXFileReference; lastKnownFileType = wrapper.framework; name = Foundation.framework; path = Library/Frameworks/Foundation.framework; sourceTree = SDKROOT; };
		942AAEF515BBB3760006C241 /* SpecKitMac-Prefix.pch */ = {isa = PBXFileReference; lastKnownFileType = sourcecode.c.h; name = "SpecKitMac-Prefix.pch"; path = "SpecKit/SpecKitMac-Prefix.pch"; sourceTree = SOURCE_ROOT; };
		94A6BA5A15BB2DE7003F22B6 /* libSpecKit.a */ = {isa = PBXFileReference; explicitFileType = archive.ar; includeInIndex = 0; path = libSpecKit.a; sourceTree = BUILT_PRODUCTS_DIR; };
		94A6BA5D15BB2DE7003F22B6 /* Foundation.framework */ = {isa = PBXFileReference; lastKnownFileType = wrapper.framework; name = Foundation.framework; path = System/Library/Frameworks/Foundation.framework; sourceTree = SDKROOT; };
		94A6BA6115BB2DE7003F22B6 /* SpecKit-Prefix.pch */ = {isa = PBXFileReference; lastKnownFileType = sourcecode.c.h; path = "SpecKit-Prefix.pch"; sourceTree = "<group>"; };
		94A6BA7315BB3093003F22B6 /* SpecKitTests.octest */ = {isa = PBXFileReference; explicitFileType = wrapper.cfbundle; includeInIndex = 0; path = SpecKitTests.octest; sourceTree = BUILT_PRODUCTS_DIR; };
		94A6BA7415BB3093003F22B6 /* SenTestingKit.framework */ = {isa = PBXFileReference; lastKnownFileType = wrapper.framework; name = SenTestingKit.framework; path = Library/Frameworks/SenTestingKit.framework; sourceTree = DEVELOPER_DIR; };
		94A6BA7615BB3093003F22B6 /* UIKit.framework */ = {isa = PBXFileReference; lastKnownFileType = wrapper.framework; name = UIKit.framework; path = Library/Frameworks/UIKit.framework; sourceTree = DEVELOPER_DIR; };
		94A6BA7B15BB3093003F22B6 /* SpecKitTests-Info.plist */ = {isa = PBXFileReference; lastKnownFileType = text.plist.xml; path = "SpecKitTests-Info.plist"; sourceTree = "<group>"; };
		94A6BA7D15BB3093003F22B6 /* en */ = {isa = PBXFileReference; lastKnownFileType = text.plist.strings; name = en; path = en.lproj/InfoPlist.strings; sourceTree = "<group>"; };
		94A6BA8215BB3093003F22B6 /* SpecKitTests-Prefix.pch */ = {isa = PBXFileReference; lastKnownFileType = sourcecode.c.h; path = "SpecKitTests-Prefix.pch"; sourceTree = "<group>"; };
		94A6BA8615BB30AF003F22B6 /* SenTestCase+ReportingHelper.h */ = {isa = PBXFileReference; fileEncoding = 4; lastKnownFileType = sourcecode.c.h; path = "SenTestCase+ReportingHelper.h"; sourceTree = "<group>"; };
		94A6BA8715BB30AF003F22B6 /* SenTestCase+ReportingHelper.m */ = {isa = PBXFileReference; fileEncoding = 4; lastKnownFileType = sourcecode.c.objc; path = "SenTestCase+ReportingHelper.m"; sourceTree = "<group>"; };
		94A6BA8815BB30AF003F22B6 /* SKFakeFailureReporter.h */ = {isa = PBXFileReference; fileEncoding = 4; lastKnownFileType = sourcecode.c.h; path = SKFakeFailureReporter.h; sourceTree = "<group>"; };
		94A6BA8915BB30AF003F22B6 /* SKFakeFailureReporter.m */ = {isa = PBXFileReference; fileEncoding = 4; lastKnownFileType = sourcecode.c.objc; path = SKFakeFailureReporter.m; sourceTree = "<group>"; };
		94A6BA8A15BB30AF003F22B6 /* TestRunningSuite.m */ = {isa = PBXFileReference; fileEncoding = 4; lastKnownFileType = sourcecode.c.objc; path = TestRunningSuite.m; sourceTree = "<group>"; };
		94A6BA8B15BB30AF003F22B6 /* TestGatheringExamples.m */ = {isa = PBXFileReference; fileEncoding = 4; lastKnownFileType = sourcecode.c.objc; path = TestGatheringExamples.m; sourceTree = "<group>"; };
		94A6BA8C15BB30AF003F22B6 /* TestRunningExamples.m */ = {isa = PBXFileReference; fileEncoding = 4; lastKnownFileType = sourcecode.c.objc; path = TestRunningExamples.m; sourceTree = "<group>"; };
		94A6BA8D15BB30AF003F22B6 /* TestReportingErrors.m */ = {isa = PBXFileReference; fileEncoding = 4; lastKnownFileType = sourcecode.c.objc; path = TestReportingErrors.m; sourceTree = "<group>"; };
		94A6BA8E15BB30AF003F22B6 /* TestObjectExpectation.m */ = {isa = PBXFileReference; fileEncoding = 4; lastKnownFileType = sourcecode.c.objc; path = TestObjectExpectation.m; sourceTree = "<group>"; };
		94A6BA8F15BB30AF003F22B6 /* TestIntExpectation.m */ = {isa = PBXFileReference; fileEncoding = 4; lastKnownFileType = sourcecode.c.objc; path = TestIntExpectation.m; sourceTree = "<group>"; };
		94A6BA9015BB30AF003F22B6 /* TestFloatExpectation.m */ = {isa = PBXFileReference; fileEncoding = 4; lastKnownFileType = sourcecode.c.objc; path = TestFloatExpectation.m; sourceTree = "<group>"; };
		94A6BA9115BB30AF003F22B6 /* TestStringExpectation.m */ = {isa = PBXFileReference; fileEncoding = 4; lastKnownFileType = sourcecode.c.objc; path = TestStringExpectation.m; sourceTree = "<group>"; };
		94A6BA9C15BB30D0003F22B6 /* SpecKit.h */ = {isa = PBXFileReference; fileEncoding = 4; lastKnownFileType = sourcecode.c.h; path = SpecKit.h; sourceTree = "<group>"; };
		94A6BA9D15BB30D0003F22B6 /* SKRunBeforeAll.h */ = {isa = PBXFileReference; fileEncoding = 4; lastKnownFileType = sourcecode.c.h; path = SKRunBeforeAll.h; sourceTree = "<group>"; };
		94A6BA9E15BB30D0003F22B6 /* SKFailureReporter.h */ = {isa = PBXFileReference; fileEncoding = 4; lastKnownFileType = sourcecode.c.h; path = SKFailureReporter.h; sourceTree = "<group>"; };
		94A6BA9F15BB30D0003F22B6 /* SKContext.h */ = {isa = PBXFileReference; fileEncoding = 4; lastKnownFileType = sourcecode.c.h; path = SKContext.h; sourceTree = "<group>"; };
		94A6BAA015BB30D0003F22B6 /* SKContext.m */ = {isa = PBXFileReference; fileEncoding = 4; lastKnownFileType = sourcecode.c.objc; path = SKContext.m; sourceTree = "<group>"; };
		94A6BAA115BB30D0003F22B6 /* SKDescription.h */ = {isa = PBXFileReference; fileEncoding = 4; lastKnownFileType = sourcecode.c.h; path = SKDescription.h; sourceTree = "<group>"; };
		94A6BAA215BB30D0003F22B6 /* SKDescription.m */ = {isa = PBXFileReference; fileEncoding = 4; lastKnownFileType = sourcecode.c.objc; path = SKDescription.m; sourceTree = "<group>"; };
		94A6BAA315BB30D0003F22B6 /* SKExample.h */ = {isa = PBXFileReference; fileEncoding = 4; lastKnownFileType = sourcecode.c.h; path = SKExample.h; sourceTree = "<group>"; };
		94A6BAA415BB30D0003F22B6 /* SKExample.m */ = {isa = PBXFileReference; fileEncoding = 4; lastKnownFileType = sourcecode.c.objc; path = SKExample.m; sourceTree = "<group>"; };
		94A6BAA515BB30D0003F22B6 /* SKExpectation.h */ = {isa = PBXFileReference; fileEncoding = 4; lastKnownFileType = sourcecode.c.h; path = SKExpectation.h; sourceTree = "<group>"; };
		94A6BAA615BB30D0003F22B6 /* SKExpectation.m */ = {isa = PBXFileReference; fileEncoding = 4; lastKnownFileType = sourcecode.c.objc; path = SKExpectation.m; sourceTree = "<group>"; };
		94A6BAA715BB30D0003F22B6 /* SKObjectExpectation.h */ = {isa = PBXFileReference; fileEncoding = 4; lastKnownFileType = sourcecode.c.h; path = SKObjectExpectation.h; sourceTree = "<group>"; };
		94A6BAA815BB30D0003F22B6 /* SKObjectExpectation.m */ = {isa = PBXFileReference; fileEncoding = 4; lastKnownFileType = sourcecode.c.objc; path = SKObjectExpectation.m; sourceTree = "<group>"; };
		94A6BAA915BB30D0003F22B6 /* SKIntExpectation.h */ = {isa = PBXFileReference; fileEncoding = 4; lastKnownFileType = sourcecode.c.h; path = SKIntExpectation.h; sourceTree = "<group>"; };
		94A6BAAA15BB30D0003F22B6 /* SKIntExpectation.m */ = {isa = PBXFileReference; fileEncoding = 4; lastKnownFileType = sourcecode.c.objc; path = SKIntExpectation.m; sourceTree = "<group>"; };
		94A6BAAB15BB30D0003F22B6 /* SKFloatExpectation.h */ = {isa = PBXFileReference; fileEncoding = 4; lastKnownFileType = sourcecode.c.h; path = SKFloatExpectation.h; sourceTree = "<group>"; };
		94A6BAAC15BB30D0003F22B6 /* SKFloatExpectation.m */ = {isa = PBXFileReference; fileEncoding = 4; lastKnownFileType = sourcecode.c.objc; path = SKFloatExpectation.m; sourceTree = "<group>"; };
		94A6BAAD15BB30D0003F22B6 /* SKStringExpectation.h */ = {isa = PBXFileReference; fileEncoding = 4; lastKnownFileType = sourcecode.c.h; path = SKStringExpectation.h; sourceTree = "<group>"; };
		94A6BAAE15BB30D0003F22B6 /* SKStringExpectation.m */ = {isa = PBXFileReference; fileEncoding = 4; lastKnownFileType = sourcecode.c.objc; path = SKStringExpectation.m; sourceTree = "<group>"; };
		94A6BAAF15BB30D0003F22B6 /* unitTestMain.m */ = {isa = PBXFileReference; fileEncoding = 4; lastKnownFileType = sourcecode.c.objc; name = unitTestMain.m; path = ../unitTestMain.m; sourceTree = "<group>"; };
/* End PBXFileReference section */

/* Begin PBXFrameworksBuildPhase section */
		942AAEE915BBB3760006C241 /* Frameworks */ = {
			isa = PBXFrameworksBuildPhase;
			buildActionMask = 2147483647;
			files = (
				942AAEEE15BBB3760006C241 /* Cocoa.framework in Frameworks */,
			);
			runOnlyForDeploymentPostprocessing = 0;
		};
		94A6BA5715BB2DE7003F22B6 /* Frameworks */ = {
			isa = PBXFrameworksBuildPhase;
			buildActionMask = 2147483647;
			files = (
				94A6BA5E15BB2DE7003F22B6 /* Foundation.framework in Frameworks */,
			);
			runOnlyForDeploymentPostprocessing = 0;
		};
		94A6BA6F15BB3093003F22B6 /* Frameworks */ = {
			isa = PBXFrameworksBuildPhase;
			buildActionMask = 2147483647;
			files = (
				94A6BA7515BB3093003F22B6 /* SenTestingKit.framework in Frameworks */,
				94A6BA7715BB3093003F22B6 /* UIKit.framework in Frameworks */,
				94A6BA7815BB3093003F22B6 /* Foundation.framework in Frameworks */,
			);
			runOnlyForDeploymentPostprocessing = 0;
		};
/* End PBXFrameworksBuildPhase section */

/* Begin PBXGroup section */
		942AAEEF15BBB3760006C241 /* Other Frameworks */ = {
			isa = PBXGroup;
			children = (
				942AAEF015BBB3760006C241 /* AppKit.framework */,
				942AAEF115BBB3760006C241 /* CoreData.framework */,
				942AAEF215BBB3760006C241 /* Foundation.framework */,
			);
			name = "Other Frameworks";
			sourceTree = "<group>";
		};
		94A6BA4F15BB2DE7003F22B6 = {
			isa = PBXGroup;
			children = (
				94A6BA5F15BB2DE7003F22B6 /* SpecKit */,
				94A6BA7915BB3093003F22B6 /* SpecKitTests */,
				94A6BA5C15BB2DE7003F22B6 /* Frameworks */,
				94A6BA5B15BB2DE7003F22B6 /* Products */,
			);
			indentWidth = 2;
			sourceTree = "<group>";
			tabWidth = 2;
		};
		94A6BA5B15BB2DE7003F22B6 /* Products */ = {
			isa = PBXGroup;
			children = (
				94A6BA5A15BB2DE7003F22B6 /* libSpecKit.a */,
				94A6BA7315BB3093003F22B6 /* SpecKitTests.octest */,
				942AAEEC15BBB3760006C241 /* libSpecKitMac.a */,
			);
			name = Products;
			sourceTree = "<group>";
		};
		94A6BA5C15BB2DE7003F22B6 /* Frameworks */ = {
			isa = PBXGroup;
			children = (
				94A6BA5D15BB2DE7003F22B6 /* Foundation.framework */,
				94A6BA7415BB3093003F22B6 /* SenTestingKit.framework */,
				94A6BA7615BB3093003F22B6 /* UIKit.framework */,
				942AAEED15BBB3760006C241 /* Cocoa.framework */,
				942AAEEF15BBB3760006C241 /* Other Frameworks */,
			);
			name = Frameworks;
			sourceTree = "<group>";
		};
		94A6BA5F15BB2DE7003F22B6 /* SpecKit */ = {
			isa = PBXGroup;
			children = (
				94A6BA9C15BB30D0003F22B6 /* SpecKit.h */,
				94A6BA9D15BB30D0003F22B6 /* SKRunBeforeAll.h */,
				94A6BA9E15BB30D0003F22B6 /* SKFailureReporter.h */,
				94A6BA9F15BB30D0003F22B6 /* SKContext.h */,
				94A6BAA015BB30D0003F22B6 /* SKContext.m */,
				94A6BAA115BB30D0003F22B6 /* SKDescription.h */,
				94A6BAA215BB30D0003F22B6 /* SKDescription.m */,
				94A6BAA315BB30D0003F22B6 /* SKExample.h */,
				94A6BAA415BB30D0003F22B6 /* SKExample.m */,
				94A6BAA515BB30D0003F22B6 /* SKExpectation.h */,
				94A6BAA615BB30D0003F22B6 /* SKExpectation.m */,
				94A6BAA715BB30D0003F22B6 /* SKObjectExpectation.h */,
				94A6BAA815BB30D0003F22B6 /* SKObjectExpectation.m */,
				94A6BAA915BB30D0003F22B6 /* SKIntExpectation.h */,
				94A6BAAA15BB30D0003F22B6 /* SKIntExpectation.m */,
				94A6BAAB15BB30D0003F22B6 /* SKFloatExpectation.h */,
				94A6BAAC15BB30D0003F22B6 /* SKFloatExpectation.m */,
				94A6BAAD15BB30D0003F22B6 /* SKStringExpectation.h */,
				94A6BAAE15BB30D0003F22B6 /* SKStringExpectation.m */,
				94A6BAAF15BB30D0003F22B6 /* unitTestMain.m */,
				94A6BA6015BB2DE7003F22B6 /* Supporting Files */,
			);
			path = SpecKit;
			sourceTree = "<group>";
		};
		94A6BA6015BB2DE7003F22B6 /* Supporting Files */ = {
			isa = PBXGroup;
			children = (
				94A6BA6115BB2DE7003F22B6 /* SpecKit-Prefix.pch */,
				942AAEF515BBB3760006C241 /* SpecKitMac-Prefix.pch */,
			);
			name = "Supporting Files";
			sourceTree = "<group>";
		};
		94A6BA7915BB3093003F22B6 /* SpecKitTests */ = {
			isa = PBXGroup;
			children = (
				94A6BA8615BB30AF003F22B6 /* SenTestCase+ReportingHelper.h */,
				94A6BA8715BB30AF003F22B6 /* SenTestCase+ReportingHelper.m */,
				94A6BA8815BB30AF003F22B6 /* SKFakeFailureReporter.h */,
				94A6BA8915BB30AF003F22B6 /* SKFakeFailureReporter.m */,
				94A6BA8A15BB30AF003F22B6 /* TestRunningSuite.m */,
				94A6BA8B15BB30AF003F22B6 /* TestGatheringExamples.m */,
				94A6BA8C15BB30AF003F22B6 /* TestRunningExamples.m */,
				94A6BA8D15BB30AF003F22B6 /* TestReportingErrors.m */,
				94A6BA8E15BB30AF003F22B6 /* TestObjectExpectation.m */,
				94A6BA8F15BB30AF003F22B6 /* TestIntExpectation.m */,
				94A6BA9015BB30AF003F22B6 /* TestFloatExpectation.m */,
				94A6BA9115BB30AF003F22B6 /* TestStringExpectation.m */,
				94A6BA7A15BB3093003F22B6 /* Supporting Files */,
			);
			path = SpecKitTests;
			sourceTree = "<group>";
		};
		94A6BA7A15BB3093003F22B6 /* Supporting Files */ = {
			isa = PBXGroup;
			children = (
				94A6BA7B15BB3093003F22B6 /* SpecKitTests-Info.plist */,
				94A6BA7C15BB3093003F22B6 /* InfoPlist.strings */,
				94A6BA8215BB3093003F22B6 /* SpecKitTests-Prefix.pch */,
			);
			name = "Supporting Files";
			sourceTree = "<group>";
		};
/* End PBXGroup section */

/* Begin PBXHeadersBuildPhase section */
		942AAEEA15BBB3760006C241 /* Headers */ = {
			isa = PBXHeadersBuildPhase;
			buildActionMask = 2147483647;
			files = (
			);
			runOnlyForDeploymentPostprocessing = 0;
		};
		94A6BA5815BB2DE7003F22B6 /* Headers */ = {
			isa = PBXHeadersBuildPhase;
			buildActionMask = 2147483647;
			files = (
				94A6BAB015BB30D0003F22B6 /* SpecKit.h in Headers */,
				94A6BAB115BB30D0003F22B6 /* SKRunBeforeAll.h in Headers */,
				94A6BAB215BB30D0003F22B6 /* SKFailureReporter.h in Headers */,
				94A6BAB315BB30D0003F22B6 /* SKContext.h in Headers */,
				94A6BAB615BB30D0003F22B6 /* SKDescription.h in Headers */,
				94A6BAB915BB30D0003F22B6 /* SKExample.h in Headers */,
				94A6BABC15BB30D0003F22B6 /* SKExpectation.h in Headers */,
				94A6BABF15BB30D0003F22B6 /* SKObjectExpectation.h in Headers */,
				94A6BAC215BB30D0003F22B6 /* SKIntExpectation.h in Headers */,
				94A6BAC515BB30D0003F22B6 /* SKFloatExpectation.h in Headers */,
				94A6BAC815BB30D0003F22B6 /* SKStringExpectation.h in Headers */,
			);
			runOnlyForDeploymentPostprocessing = 0;
		};
/* End PBXHeadersBuildPhase section */

/* Begin PBXNativeTarget section */
		942AAEEB15BBB3760006C241 /* SpecKitMac */ = {
			isa = PBXNativeTarget;
			buildConfigurationList = 942AAEFB15BBB3760006C241 /* Build configuration list for PBXNativeTarget "SpecKitMac" */;
			buildPhases = (
				942AAEE815BBB3760006C241 /* Sources */,
				942AAEE915BBB3760006C241 /* Frameworks */,
				942AAEEA15BBB3760006C241 /* Headers */,
			);
			buildRules = (
			);
			dependencies = (
			);
			name = SpecKitMac;
			productName = SpecKitMac;
			productReference = 942AAEEC15BBB3760006C241 /* libSpecKitMac.a */;
			productType = "com.apple.product-type.library.static";
		};
		94A6BA5915BB2DE7003F22B6 /* SpecKit */ = {
			isa = PBXNativeTarget;
			buildConfigurationList = 94A6BA6715BB2DE7003F22B6 /* Build configuration list for PBXNativeTarget "SpecKit" */;
			buildPhases = (
				94A6BA5615BB2DE7003F22B6 /* Sources */,
				94A6BA5715BB2DE7003F22B6 /* Frameworks */,
				94A6BA5815BB2DE7003F22B6 /* Headers */,
			);
			buildRules = (
			);
			dependencies = (
			);
			name = SpecKit;
			productName = SpecKit;
			productReference = 94A6BA5A15BB2DE7003F22B6 /* libSpecKit.a */;
			productType = "com.apple.product-type.library.static";
		};
		94A6BA7215BB3093003F22B6 /* SpecKitTests */ = {
			isa = PBXNativeTarget;
			buildConfigurationList = 94A6BA8315BB3093003F22B6 /* Build configuration list for PBXNativeTarget "SpecKitTests" */;
			buildPhases = (
				94A6BA6E15BB3093003F22B6 /* Sources */,
				94A6BA6F15BB3093003F22B6 /* Frameworks */,
				94A6BA7015BB3093003F22B6 /* Resources */,
				94A6BA7115BB3093003F22B6 /* ShellScript */,
			);
			buildRules = (
			);
			dependencies = (
			);
			name = SpecKitTests;
			productName = SpecKitTests;
			productReference = 94A6BA7315BB3093003F22B6 /* SpecKitTests.octest */;
			productType = "com.apple.product-type.bundle";
		};
/* End PBXNativeTarget section */

/* Begin PBXProject section */
		94A6BA5115BB2DE7003F22B6 /* Project object */ = {
			isa = PBXProject;
			attributes = {
				LastUpgradeCheck = 0430;
				ORGANIZATIONNAME = "8th Light";
			};
			buildConfigurationList = 94A6BA5415BB2DE7003F22B6 /* Build configuration list for PBXProject "SpecKit" */;
			compatibilityVersion = "Xcode 3.2";
			developmentRegion = English;
			hasScannedForEncodings = 0;
			knownRegions = (
				en,
			);
			mainGroup = 94A6BA4F15BB2DE7003F22B6;
			productRefGroup = 94A6BA5B15BB2DE7003F22B6 /* Products */;
			projectDirPath = "";
			projectRoot = "";
			targets = (
				94A6BA5915BB2DE7003F22B6 /* SpecKit */,
				94A6BA7215BB3093003F22B6 /* SpecKitTests */,
				942AAEEB15BBB3760006C241 /* SpecKitMac */,
			);
		};
/* End PBXProject section */

/* Begin PBXResourcesBuildPhase section */
		94A6BA7015BB3093003F22B6 /* Resources */ = {
			isa = PBXResourcesBuildPhase;
			buildActionMask = 2147483647;
			files = (
				94A6BA7E15BB3093003F22B6 /* InfoPlist.strings in Resources */,
			);
			runOnlyForDeploymentPostprocessing = 0;
		};
/* End PBXResourcesBuildPhase section */

/* Begin PBXShellScriptBuildPhase section */
		94A6BA7115BB3093003F22B6 /* ShellScript */ = {
			isa = PBXShellScriptBuildPhase;
			buildActionMask = 2147483647;
			files = (
			);
			inputPaths = (
			);
			outputPaths = (
			);
			runOnlyForDeploymentPostprocessing = 0;
			shellPath = /bin/sh;
			shellScript = "# Run the unit tests in this test bundle.\n\"${SYSTEM_DEVELOPER_DIR}/Tools/RunUnitTests\"\n";
		};
/* End PBXShellScriptBuildPhase section */

/* Begin PBXSourcesBuildPhase section */
		942AAEE815BBB3760006C241 /* Sources */ = {
			isa = PBXSourcesBuildPhase;
			buildActionMask = 2147483647;
			files = (
				942AAEFD15BBB3E60006C241 /* SKContext.m in Sources */,
				942AAEFE15BBB3E90006C241 /* SKDescription.m in Sources */,
				942AAEFF15BBB3EB0006C241 /* SKExample.m in Sources */,
				942AAF0015BBB3EE0006C241 /* SKExpectation.m in Sources */,
				942AAF0115BBB3F00006C241 /* SKObjectExpectation.m in Sources */,
				942AAF0215BBB3F30006C241 /* SKIntExpectation.m in Sources */,
				942AAF0315BBB3F50006C241 /* SKFloatExpectation.m in Sources */,
				942AAF0415BBB3F80006C241 /* SKStringExpectation.m in Sources */,
			);
			runOnlyForDeploymentPostprocessing = 0;
		};
		94A6BA5615BB2DE7003F22B6 /* Sources */ = {
			isa = PBXSourcesBuildPhase;
			buildActionMask = 2147483647;
			files = (
				94A6BAB415BB30D0003F22B6 /* SKContext.m in Sources */,
				94A6BAB715BB30D0003F22B6 /* SKDescription.m in Sources */,
				94A6BABA15BB30D0003F22B6 /* SKExample.m in Sources */,
				94A6BABD15BB30D0003F22B6 /* SKExpectation.m in Sources */,
				94A6BAC015BB30D0003F22B6 /* SKObjectExpectation.m in Sources */,
				94A6BAC315BB30D0003F22B6 /* SKIntExpectation.m in Sources */,
				94A6BAC615BB30D0003F22B6 /* SKFloatExpectation.m in Sources */,
				94A6BAC915BB30D0003F22B6 /* SKStringExpectation.m in Sources */,
			);
			runOnlyForDeploymentPostprocessing = 0;
		};
		94A6BA6E15BB3093003F22B6 /* Sources */ = {
			isa = PBXSourcesBuildPhase;
			buildActionMask = 2147483647;
			files = (
				94A6BA9215BB30AF003F22B6 /* SenTestCase+ReportingHelper.m in Sources */,
				94A6BA9315BB30AF003F22B6 /* SKFakeFailureReporter.m in Sources */,
				94A6BA9415BB30AF003F22B6 /* TestRunningSuite.m in Sources */,
				94A6BA9515BB30AF003F22B6 /* TestGatheringExamples.m in Sources */,
				94A6BA9615BB30AF003F22B6 /* TestRunningExamples.m in Sources */,
				94A6BA9715BB30AF003F22B6 /* TestReportingErrors.m in Sources */,
				94A6BA9815BB30AF003F22B6 /* TestObjectExpectation.m in Sources */,
				94A6BA9915BB30AF003F22B6 /* TestIntExpectation.m in Sources */,
				94A6BA9A15BB30AF003F22B6 /* TestFloatExpectation.m in Sources */,
				94A6BA9B15BB30AF003F22B6 /* TestStringExpectation.m in Sources */,
				94A6BAB515BB30D0003F22B6 /* SKContext.m in Sources */,
				94A6BAB815BB30D0003F22B6 /* SKDescription.m in Sources */,
				94A6BABB15BB30D0003F22B6 /* SKExample.m in Sources */,
				94A6BABE15BB30D0003F22B6 /* SKExpectation.m in Sources */,
				94A6BAC115BB30D0003F22B6 /* SKObjectExpectation.m in Sources */,
				94A6BAC415BB30D0003F22B6 /* SKIntExpectation.m in Sources */,
				94A6BAC715BB30D0003F22B6 /* SKFloatExpectation.m in Sources */,
				94A6BACA15BB30D0003F22B6 /* SKStringExpectation.m in Sources */,
			);
			runOnlyForDeploymentPostprocessing = 0;
		};
/* End PBXSourcesBuildPhase section */

/* Begin PBXVariantGroup section */
		94A6BA7C15BB3093003F22B6 /* InfoPlist.strings */ = {
			isa = PBXVariantGroup;
			children = (
				94A6BA7D15BB3093003F22B6 /* en */,
			);
			name = InfoPlist.strings;
			sourceTree = "<group>";
		};
/* End PBXVariantGroup section */

/* Begin XCBuildConfiguration section */
		942AAEF915BBB3760006C241 /* Debug */ = {
			isa = XCBuildConfiguration;
			buildSettings = {
				ARCHS = "$(ARCHS_STANDARD_64_BIT)";
				FRAMEWORK_SEARCH_PATHS = (
					"$(inherited)",
					"\"$(SYSTEM_APPS_DIR)/Xcode.app/Contents/Developer/Library/Frameworks\"",
				);
				GCC_ENABLE_OBJC_EXCEPTIONS = YES;
				GCC_PRECOMPILE_PREFIX_HEADER = YES;
				GCC_PREFIX_HEADER = "SpecKit/SpecKitMac-Prefix.pch";
				GCC_WARN_64_TO_32_BIT_CONVERSION = YES;
				MACOSX_DEPLOYMENT_TARGET = 10.7;
				ONLY_ACTIVE_ARCH = YES;
				PRODUCT_NAME = "$(TARGET_NAME)";
				SDKROOT = macosx;
			};
			name = Debug;
		};
		942AAEFA15BBB3760006C241 /* Release */ = {
			isa = XCBuildConfiguration;
			buildSettings = {
				ARCHS = "$(ARCHS_STANDARD_64_BIT)";
				DEBUG_INFORMATION_FORMAT = "dwarf-with-dsym";
				FRAMEWORK_SEARCH_PATHS = (
					"$(inherited)",
					"\"$(SYSTEM_APPS_DIR)/Xcode.app/Contents/Developer/Library/Frameworks\"",
				);
				GCC_ENABLE_OBJC_EXCEPTIONS = YES;
				GCC_PRECOMPILE_PREFIX_HEADER = YES;
				GCC_PREFIX_HEADER = "SpecKit/SpecKitMac-Prefix.pch";
				GCC_WARN_64_TO_32_BIT_CONVERSION = YES;
				MACOSX_DEPLOYMENT_TARGET = 10.7;
				PRODUCT_NAME = "$(TARGET_NAME)";
				SDKROOT = macosx;
			};
			name = Release;
		};
		94A6BA6515BB2DE7003F22B6 /* Debug */ = {
			isa = XCBuildConfiguration;
			buildSettings = {
				ALWAYS_SEARCH_USER_PATHS = NO;
				ARCHS = "$(ARCHS_STANDARD_32_BIT)";
				COPY_PHASE_STRIP = NO;
				GCC_C_LANGUAGE_STANDARD = gnu99;
				GCC_DYNAMIC_NO_PIC = NO;
				GCC_OPTIMIZATION_LEVEL = 0;
				GCC_PREPROCESSOR_DEFINITIONS = (
					"DEBUG=1",
					"$(inherited)",
				);
				GCC_SYMBOLS_PRIVATE_EXTERN = NO;
				GCC_VERSION = com.apple.compilers.llvm.clang.1_0;
				GCC_WARN_ABOUT_RETURN_TYPE = YES;
				GCC_WARN_UNINITIALIZED_AUTOS = YES;
				GCC_WARN_UNUSED_VARIABLE = YES;
				HEADER_SEARCH_PATHS = .;
				IPHONEOS_DEPLOYMENT_TARGET = 5.1;
				SDKROOT = iphoneos;
			};
			name = Debug;
		};
		94A6BA6615BB2DE7003F22B6 /* Release */ = {
			isa = XCBuildConfiguration;
			buildSettings = {
				ALWAYS_SEARCH_USER_PATHS = NO;
				ARCHS = "$(ARCHS_STANDARD_32_BIT)";
				COPY_PHASE_STRIP = YES;
				GCC_C_LANGUAGE_STANDARD = gnu99;
				GCC_VERSION = com.apple.compilers.llvm.clang.1_0;
				GCC_WARN_ABOUT_RETURN_TYPE = YES;
				GCC_WARN_UNINITIALIZED_AUTOS = YES;
				GCC_WARN_UNUSED_VARIABLE = YES;
				HEADER_SEARCH_PATHS = .;
				IPHONEOS_DEPLOYMENT_TARGET = 5.1;
				SDKROOT = iphoneos;
				VALIDATE_PRODUCT = YES;
			};
			name = Release;
		};
		94A6BA6815BB2DE7003F22B6 /* Debug */ = {
			isa = XCBuildConfiguration;
			buildSettings = {
				DSTROOT = /tmp/SpecKit.dst;
				GCC_PRECOMPILE_PREFIX_HEADER = YES;
				GCC_PREFIX_HEADER = "SpecKit/SpecKit-Prefix.pch";
				OTHER_LDFLAGS = "-ObjC";
				PRODUCT_NAME = "$(TARGET_NAME)";
				SKIP_INSTALL = YES;
			};
			name = Debug;
		};
		94A6BA6915BB2DE7003F22B6 /* Release */ = {
			isa = XCBuildConfiguration;
			buildSettings = {
				DSTROOT = /tmp/SpecKit.dst;
				GCC_PRECOMPILE_PREFIX_HEADER = YES;
				GCC_PREFIX_HEADER = "SpecKit/SpecKit-Prefix.pch";
				OTHER_LDFLAGS = "-ObjC";
				PRODUCT_NAME = "$(TARGET_NAME)";
				SKIP_INSTALL = YES;
			};
			name = Release;
		};
		94A6BA8415BB3093003F22B6 /* Debug */ = {
			isa = XCBuildConfiguration;
			buildSettings = {
				FRAMEWORK_SEARCH_PATHS = (
					"$(SDKROOT)/Developer/Library/Frameworks",
					"$(DEVELOPER_LIBRARY_DIR)/Frameworks",
				);
				GCC_PRECOMPILE_PREFIX_HEADER = YES;
				GCC_PREFIX_HEADER = "SpecKitTests/SpecKitTests-Prefix.pch";
				INFOPLIST_FILE = "SpecKitTests/SpecKitTests-Info.plist";
				PRODUCT_NAME = "$(TARGET_NAME)";
				WRAPPER_EXTENSION = octest;
			};
			name = Debug;
		};
		94A6BA8515BB3093003F22B6 /* Release */ = {
			isa = XCBuildConfiguration;
			buildSettings = {
				FRAMEWORK_SEARCH_PATHS = (
					"$(SDKROOT)/Developer/Library/Frameworks",
					"$(DEVELOPER_LIBRARY_DIR)/Frameworks",
				);
				GCC_PRECOMPILE_PREFIX_HEADER = YES;
				GCC_PREFIX_HEADER = "SpecKitTests/SpecKitTests-Prefix.pch";
				INFOPLIST_FILE = "SpecKitTests/SpecKitTests-Info.plist";
				PRODUCT_NAME = "$(TARGET_NAME)";
				WRAPPER_EXTENSION = octest;
			};
			name = Release;
		};
/* End XCBuildConfiguration section */

/* Begin XCConfigurationList section */
		942AAEFB15BBB3760006C241 /* Build configuration list for PBXNativeTarget "SpecKitMac" */ = {
			isa = XCConfigurationList;
			buildConfigurations = (
				942AAEF915BBB3760006C241 /* Debug */,
				942AAEFA15BBB3760006C241 /* Release */,
			);
			defaultConfigurationIsVisible = 0;
		};
		94A6BA5415BB2DE7003F22B6 /* Build configuration list for PBXProject "SpecKit" */ = {
			isa = XCConfigurationList;
			buildConfigurations = (
				94A6BA6515BB2DE7003F22B6 /* Debug */,
				94A6BA6615BB2DE7003F22B6 /* Release */,
			);
			defaultConfigurationIsVisible = 0;
			defaultConfigurationName = Release;
		};
		94A6BA6715BB2DE7003F22B6 /* Build configuration list for PBXNativeTarget "SpecKit" */ = {
			isa = XCConfigurationList;
			buildConfigurations = (
				94A6BA6815BB2DE7003F22B6 /* Debug */,
				94A6BA6915BB2DE7003F22B6 /* Release */,
			);
			defaultConfigurationIsVisible = 0;
			defaultConfigurationName = Release;
		};
		94A6BA8315BB3093003F22B6 /* Build configuration list for PBXNativeTarget "SpecKitTests" */ = {
			isa = XCConfigurationList;
			buildConfigurations = (
				94A6BA8415BB3093003F22B6 /* Debug */,
				94A6BA8515BB3093003F22B6 /* Release */,
			);
			defaultConfigurationIsVisible = 0;
			defaultConfigurationName = Release;
		};
/* End XCConfigurationList section */
	};
	rootObject = 94A6BA5115BB2DE7003F22B6 /* Project object */;
}
